
Microsoft Visual Studio Solution File, Format Version 12.00
# Visual Studio 15
VisualStudioVersion = 15.0.27428.2002
MinimumVisualStudioVersion = 10.0.40219.1
Project("{8BC9CEB8-8B4A-11D0-8D11-00A0C91BC942}") = "SimpleWolfenstein3DEngine", "SimpleWolfenstein3DEngine\SimpleWolfenstein3DEngine.vcxproj", "{E87298E0-6B26-41FD-8803-24C98A0CDDFE}"
EndProject
Global
	GlobalSection(SolutionConfigurationPlatforms) = preSolution
		Debug|x64 = Debug|x64
		Debug|x86 = Debug|x86
		Release|x64 = Release|x64
		Release|x86 = Release|x86
	EndGlobalSection
	GlobalSection(ProjectConfigurationPlatforms) = postSolution
		{E87298E0-6B26-41FD-8803-24C98A0CDDFE}.Debug|x64.ActiveCfg = Debug|x64
		{E87298E0-6B26-41FD-8803-24C98A0CDDFE}.Debug|x64.Build.0 = Debug|x64
		{E87298E0-6B26-41FD-8803-24C98A0CDDFE}.Debug|x86.ActiveCfg = Debug|Win32
		{E87298E0-6B26-41FD-8803-24C98A0CDDFE}.Debug|x86.Build.0 = Debug|Win32
		{E87298E0-6B26-41FD-8803-24C98A0CDDFE}.Release|x64.ActiveCfg = Release|x64
		{E87298E0-6B26-41FD-8803-24C98A0CDDFE}.Release|x64.Build.0 = Release|x64
		{E87298E0-6B26-41FD-8803-24C98A0CDDFE}.Release|x86.ActiveCfg = Release|Win32
		{E87298E0-6B26-41FD-8803-24C98A0CDDFE}.Release|x86.Build.0 = Release|Win32
	EndGlobalSection
	GlobalSection(SolutionProperties) = preSolution
		HideSolutionNode = FALSE
	EndGlobalSection
	GlobalSection(ExtensibilityGlobals) = postSolution
		SolutionGuid = {635128C5-F72C-4F33-8582-F47519C09303}
	EndGlobalSection
EndGlobal
